
Microsoft Visual Studio Solution File, Format Version 12.00
# Visual Studio Version 17
VisualStudioVersion = 17.0.31903.59
MinimumVisualStudioVersion = 10.0.40219.1
Project("{2150E333-8FDC-42A3-9474-1A3956D46DE8}") = "src", "src", "{827E0CD3-B72D-47B6-A68D-7590B98EB39B}"
EndProject
Project("{FAE04EC0-301F-11D3-BF4B-00C04F79EFBC}") = "TeamSync.Contracts", "src\TeamSync.Contracts\TeamSync.Contracts.csproj", "{87588233-D93B-4F23-B13D-3524F3EF40B1}"
EndProject
Project("{FAE04EC0-301F-11D3-BF4B-00C04F79EFBC}") = "TeamSync.ServiceDefaults", "src\TeamSync.ServiceDefaults\TeamSync.ServiceDefaults.csproj", "{14E47182-49DF-4755-B1AB-19BC698FACAD}"
EndProject
Project("{FAE04EC0-301F-11D3-BF4B-00C04F79EFBC}") = "TeamSync.ApiGateway", "src\TeamSync.ApiGateway\TeamSync.ApiGateway.csproj", "{538470B9-A5FE-4F79-89CD-95E07D688724}"
EndProject
Project("{FAE04EC0-301F-11D3-BF4B-00C04F79EFBC}") = "TeamSync.Services.Chat", "src\TeamSync.Services.Chat\TeamSync.Services.Chat.csproj", "{5520884B-6799-4947-9FB4-59D26084D8A5}"
EndProject
Project("{FAE04EC0-301F-11D3-BF4B-00C04F79EFBC}") = "TeamSync.Services.Meetings", "src\TeamSync.Services.Meetings\TeamSync.Services.Meetings.csproj", "{3BC579A1-E847-4ECF-88BD-345E938F2FBD}"
EndProject
Project("{FAE04EC0-301F-11D3-BF4B-00C04F79EFBC}") = "TeamSync.Services.Team", "src\TeamSync.Services.Team\TeamSync.Services.Team.csproj", "{7F76C3C0-8FEC-4132-96CE-2445DDE3F730}"
EndProject
Project("{FAE04EC0-301F-11D3-BF4B-00C04F79EFBC}") = "TeamSync.Services.Notifications", "src\TeamSync.Services.Notifications\TeamSync.Services.Notifications.csproj", "{7F75D057-0A68-47BC-9FC6-3BD3B5B886D4}"
EndProject
Global
	GlobalSection(SolutionConfigurationPlatforms) = preSolution
		Debug|Any CPU = Debug|Any CPU
		Debug|x64 = Debug|x64
		Debug|x86 = Debug|x86
		Release|Any CPU = Release|Any CPU
		Release|x64 = Release|x64
		Release|x86 = Release|x86
	EndGlobalSection
	GlobalSection(ProjectConfigurationPlatforms) = postSolution
		{87588233-D93B-4F23-B13D-3524F3EF40B1}.Debug|Any CPU.ActiveCfg = Debug|Any CPU
		{87588233-D93B-4F23-B13D-3524F3EF40B1}.Debug|Any CPU.Build.0 = Debug|Any CPU
		{87588233-D93B-4F23-B13D-3524F3EF40B1}.Debug|x64.ActiveCfg = Debug|Any CPU
		{87588233-D93B-4F23-B13D-3524F3EF40B1}.Debug|x64.Build.0 = Debug|Any CPU
		{87588233-D93B-4F23-B13D-3524F3EF40B1}.Debug|x86.ActiveCfg = Debug|Any CPU
		{87588233-D93B-4F23-B13D-3524F3EF40B1}.Debug|x86.Build.0 = Debug|Any CPU
		{87588233-D93B-4F23-B13D-3524F3EF40B1}.Release|Any CPU.ActiveCfg = Release|Any CPU
		{87588233-D93B-4F23-B13D-3524F3EF40B1}.Release|Any CPU.Build.0 = Release|Any CPU
		{87588233-D93B-4F23-B13D-3524F3EF40B1}.Release|x64.ActiveCfg = Release|Any CPU
		{87588233-D93B-4F23-B13D-3524F3EF40B1}.Release|x64.Build.0 = Release|Any CPU
		{87588233-D93B-4F23-B13D-3524F3EF40B1}.Release|x86.ActiveCfg = Release|Any CPU
		{87588233-D93B-4F23-B13D-3524F3EF40B1}.Release|x86.Build.0 = Release|Any CPU
		{14E47182-49DF-4755-B1AB-19BC698FACAD}.Debug|Any CPU.ActiveCfg = Debug|Any CPU
		{14E47182-49DF-4755-B1AB-19BC698FACAD}.Debug|Any CPU.Build.0 = Debug|Any CPU
		{14E47182-49DF-4755-B1AB-19BC698FACAD}.Debug|x64.ActiveCfg = Debug|Any CPU
		{14E47182-49DF-4755-B1AB-19BC698FACAD}.Debug|x64.Build.0 = Debug|Any CPU
		{14E47182-49DF-4755-B1AB-19BC698FACAD}.Debug|x86.ActiveCfg = Debug|Any CPU
		{14E47182-49DF-4755-B1AB-19BC698FACAD}.Debug|x86.Build.0 = Debug|Any CPU
		{14E47182-49DF-4755-B1AB-19BC698FACAD}.Release|Any CPU.ActiveCfg = Release|Any CPU
		{14E47182-49DF-4755-B1AB-19BC698FACAD}.Release|Any CPU.Build.0 = Release|Any CPU
		{14E47182-49DF-4755-B1AB-19BC698FACAD}.Release|x64.ActiveCfg = Release|Any CPU
		{14E47182-49DF-4755-B1AB-19BC698FACAD}.Release|x64.Build.0 = Release|Any CPU
		{14E47182-49DF-4755-B1AB-19BC698FACAD}.Release|x86.ActiveCfg = Release|Any CPU
		{14E47182-49DF-4755-B1AB-19BC698FACAD}.Release|x86.Build.0 = Release|Any CPU
		{538470B9-A5FE-4F79-89CD-95E07D688724}.Debug|Any CPU.ActiveCfg = Debug|Any CPU
		{538470B9-A5FE-4F79-89CD-95E07D688724}.Debug|Any CPU.Build.0 = Debug|Any CPU
		{538470B9-A5FE-4F79-89CD-95E07D688724}.Debug|x64.ActiveCfg = Debug|Any CPU
		{538470B9-A5FE-4F79-89CD-95E07D688724}.Debug|x64.Build.0 = Debug|Any CPU
		{538470B9-A5FE-4F79-89CD-95E07D688724}.Debug|x86.ActiveCfg = Debug|Any CPU
		{538470B9-A5FE-4F79-89CD-95E07D688724}.Debug|x86.Build.0 = Debug|Any CPU
		{538470B9-A5FE-4F79-89CD-95E07D688724}.Release|Any CPU.ActiveCfg = Release|Any CPU
		{538470B9-A5FE-4F79-89CD-95E07D688724}.Release|Any CPU.Build.0 = Release|Any CPU
		{538470B9-A5FE-4F79-89CD-95E07D688724}.Release|x64.ActiveCfg = Release|Any CPU
		{538470B9-A5FE-4F79-89CD-95E07D688724}.Release|x64.Build.0 = Release|Any CPU
		{538470B9-A5FE-4F79-89CD-95E07D688724}.Release|x86.ActiveCfg = Release|Any CPU
		{538470B9-A5FE-4F79-89CD-95E07D688724}.Release|x86.Build.0 = Release|Any CPU
		{5520884B-6799-4947-9FB4-59D26084D8A5}.Debug|Any CPU.ActiveCfg = Debug|Any CPU
		{5520884B-6799-4947-9FB4-59D26084D8A5}.Debug|Any CPU.Build.0 = Debug|Any CPU
		{5520884B-6799-4947-9FB4-59D26084D8A5}.Debug|x64.ActiveCfg = Debug|Any CPU
		{5520884B-6799-4947-9FB4-59D26084D8A5}.Debug|x64.Build.0 = Debug|Any CPU
		{5520884B-6799-4947-9FB4-59D26084D8A5}.Debug|x86.ActiveCfg = Debug|Any CPU
		{5520884B-6799-4947-9FB4-59D26084D8A5}.Debug|x86.Build.0 = Debug|Any CPU
		{5520884B-6799-4947-9FB4-59D26084D8A5}.Release|Any CPU.ActiveCfg = Release|Any CPU
		{5520884B-6799-4947-9FB4-59D26084D8A5}.Release|Any CPU.Build.0 = Release|Any CPU
		{5520884B-6799-4947-9FB4-59D26084D8A5}.Release|x64.ActiveCfg = Release|Any CPU
		{5520884B-6799-4947-9FB4-59D26084D8A5}.Release|x64.Build.0 = Release|Any CPU
		{5520884B-6799-4947-9FB4-59D26084D8A5}.Release|x86.ActiveCfg = Release|Any CPU
		{5520884B-6799-4947-9FB4-59D26084D8A5}.Release|x86.Build.0 = Release|Any CPU
		{3BC579A1-E847-4ECF-88BD-345E938F2FBD}.Debug|Any CPU.ActiveCfg = Debug|Any CPU
		{3BC579A1-E847-4ECF-88BD-345E938F2FBD}.Debug|Any CPU.Build.0 = Debug|Any CPU
		{3BC579A1-E847-4ECF-88BD-345E938F2FBD}.Debug|x64.ActiveCfg = Debug|Any CPU
		{3BC579A1-E847-4ECF-88BD-345E938F2FBD}.Debug|x64.Build.0 = Debug|Any CPU
		{3BC579A1-E847-4ECF-88BD-345E938F2FBD}.Debug|x86.ActiveCfg = Debug|Any CPU
		{3BC579A1-E847-4ECF-88BD-345E938F2FBD}.Debug|x86.Build.0 = Debug|Any CPU
		{3BC579A1-E847-4ECF-88BD-345E938F2FBD}.Release|Any CPU.ActiveCfg = Release|Any CPU
		{3BC579A1-E847-4ECF-88BD-345E938F2FBD}.Release|Any CPU.Build.0 = Release|Any CPU
		{3BC579A1-E847-4ECF-88BD-345E938F2FBD}.Release|x64.ActiveCfg = Release|Any CPU
		{3BC579A1-E847-4ECF-88BD-345E938F2FBD}.Release|x64.Build.0 = Release|Any CPU
		{3BC579A1-E847-4ECF-88BD-345E938F2FBD}.Release|x86.ActiveCfg = Release|Any CPU
		{3BC579A1-E847-4ECF-88BD-345E938F2FBD}.Release|x86.Build.0 = Release|Any CPU
		{7F76C3C0-8FEC-4132-96CE-2445DDE3F730}.Debug|Any CPU.ActiveCfg = Debug|Any CPU
		{7F76C3C0-8FEC-4132-96CE-2445DDE3F730}.Debug|Any CPU.Build.0 = Debug|Any CPU
		{7F76C3C0-8FEC-4132-96CE-2445DDE3F730}.Debug|x64.ActiveCfg = Debug|Any CPU
		{7F76C3C0-8FEC-4132-96CE-2445DDE3F730}.Debug|x64.Build.0 = Debug|Any CPU
		{7F76C3C0-8FEC-4132-96CE-2445DDE3F730}.Debug|x86.ActiveCfg = Debug|Any CPU
		{7F76C3C0-8FEC-4132-96CE-2445DDE3F730}.Debug|x86.Build.0 = Debug|Any CPU
		{7F76C3C0-8FEC-4132-96CE-2445DDE3F730}.Release|Any CPU.ActiveCfg = Release|Any CPU
		{7F76C3C0-8FEC-4132-96CE-2445DDE3F730}.Release|Any CPU.Build.0 = Release|Any CPU
		{7F76C3C0-8FEC-4132-96CE-2445DDE3F730}.Release|x64.ActiveCfg = Release|Any CPU
		{7F76C3C0-8FEC-4132-96CE-2445DDE3F730}.Release|x64.Build.0 = Release|Any CPU
		{7F76C3C0-8FEC-4132-96CE-2445DDE3F730}.Release|x86.ActiveCfg = Release|Any CPU
		{7F76C3C0-8FEC-4132-96CE-2445DDE3F730}.Release|x86.Build.0 = Release|Any CPU
		{7F75D057-0A68-47BC-9FC6-3BD3B5B886D4}.Debug|Any CPU.ActiveCfg = Debug|Any CPU
		{7F75D057-0A68-47BC-9FC6-3BD3B5B886D4}.Debug|Any CPU.Build.0 = Debug|Any CPU
		{7F75D057-0A68-47BC-9FC6-3BD3B5B886D4}.Debug|x64.ActiveCfg = Debug|Any CPU
		{7F75D057-0A68-47BC-9FC6-3BD3B5B886D4}.Debug|x64.Build.0 = Debug|Any CPU
		{7F75D057-0A68-47BC-9FC6-3BD3B5B886D4}.Debug|x86.ActiveCfg = Debug|Any CPU
		{7F75D057-0A68-47BC-9FC6-3BD3B5B886D4}.Debug|x86.Build.0 = Debug|Any CPU
		{7F75D057-0A68-47BC-9FC6-3BD3B5B886D4}.Release|Any CPU.ActiveCfg = Release|Any CPU
		{7F75D057-0A68-47BC-9FC6-3BD3B5B886D4}.Release|Any CPU.Build.0 = Release|Any CPU
		{7F75D057-0A68-47BC-9FC6-3BD3B5B886D4}.Release|x64.ActiveCfg = Release|Any CPU
		{7F75D057-0A68-47BC-9FC6-3BD3B5B886D4}.Release|x64.Build.0 = Release|Any CPU
		{7F75D057-0A68-47BC-9FC6-3BD3B5B886D4}.Release|x86.ActiveCfg = Release|Any CPU
		{7F75D057-0A68-47BC-9FC6-3BD3B5B886D4}.Release|x86.Build.0 = Release|Any CPU
	EndGlobalSection
	GlobalSection(SolutionProperties) = preSolution
		HideSolutionNode = FALSE
	EndGlobalSection
	GlobalSection(NestedProjects) = preSolution
		{87588233-D93B-4F23-B13D-3524F3EF40B1} = {827E0CD3-B72D-47B6-A68D-7590B98EB39B}
		{14E47182-49DF-4755-B1AB-19BC698FACAD} = {827E0CD3-B72D-47B6-A68D-7590B98EB39B}
		{538470B9-A5FE-4F79-89CD-95E07D688724} = {827E0CD3-B72D-47B6-A68D-7590B98EB39B}
		{5520884B-6799-4947-9FB4-59D26084D8A5} = {827E0CD3-B72D-47B6-A68D-7590B98EB39B}
		{3BC579A1-E847-4ECF-88BD-345E938F2FBD} = {827E0CD3-B72D-47B6-A68D-7590B98EB39B}
		{7F76C3C0-8FEC-4132-96CE-2445DDE3F730} = {827E0CD3-B72D-47B6-A68D-7590B98EB39B}
		{7F75D057-0A68-47BC-9FC6-3BD3B5B886D4} = {827E0CD3-B72D-47B6-A68D-7590B98EB39B}
	EndGlobalSection
EndGlobal
